
Microsoft Visual Studio Solution File, Format Version 12.00
# Visual Studio Version 16
VisualStudioVersion = 16.0.33027.164
MinimumVisualStudioVersion = 10.0.40219.1
Project("{FAE04EC0-301F-11D3-BF4B-00C04F79EFBC}") = "CourseManagement", "CourseManagement\CourseManagement.csproj", "{DF259577-2E2E-4CF5-9D29-E111C2604046}"
EndProject
Global
	GlobalSection(SolutionConfigurationPlatforms) = preSolution
		Debug|Any CPU = Debug|Any CPU
		Release|Any CPU = Release|Any CPU
	EndGlobalSection
	GlobalSection(ProjectConfigurationPlatforms) = postSolution
		{DF259577-2E2E-4CF5-9D29-E111C2604046}.Debug|Any CPU.ActiveCfg = Debug|Any CPU
		{DF259577-2E2E-4CF5-9D29-E111C2604046}.Debug|Any CPU.Build.0 = Debug|Any CPU
		{DF259577-2E2E-4CF5-9D29-E111C2604046}.Release|Any CPU.ActiveCfg = Release|Any CPU
		{DF259577-2E2E-4CF5-9D29-E111C2604046}.Release|Any CPU.Build.0 = Release|Any CPU
	EndGlobalSection
	GlobalSection(SolutionProperties) = preSolution
		HideSolutionNode = FALSE
	EndGlobalSection
	GlobalSection(ExtensibilityGlobals) = postSolution
		SolutionGuid = {27BBC090-7DB1-4FA5-92FB-C7637B683A93}
	EndGlobalSection
EndGlobal
